Microsoft Visual Studio Solution File, Format Version 12.00
# Visual Studio Version 17
VisualStudioVersion = 17.0.31903.59
MinimumVisualStudioVersion = 10.0.40219.1
Project("{FAE04EC0-301F-11D3-BF4B-00C04F79EFBC}") = "Reglamentator.Domain", "Backend\Reglamentator.Domain\Reglamentator.Domain.csproj", "{773AB9F2-2B65-4F96-886D-E33990C271C8}"
EndProject
Project("{FAE04EC0-301F-11D3-BF4B-00C04F79EFBC}") = "Reglamentator.Data", "Backend\Reglamentator.Data\Reglamentator.Data.csproj", "{49A1C3BD-D95D-404D-A857-838747E8C940}"
EndProject
Project("{FAE04EC0-301F-11D3-BF4B-00C04F79EFBC}") = "Reglamentator.Application", "Backend\Reglamentator.Application\Reglamentator.Application.csproj", "{897B433C-921B-48EC-9095-D579C7BD5F09}"
EndProject
Project("{FAE04EC0-301F-11D3-BF4B-00C04F79EFBC}") = "Reglamentator.WebAPI", "Backend\Reglamentator.WebAPI\Reglamentator.WebAPI.csproj", "{921225F3-3498-4742-A014-0DBBFFFB5A94}"
EndProject
Project("{2150E333-8FDC-42A3-9474-1A3956D46DE8}") = "Bot", "Bot", "{D268D791-4EE8-404F-8E08-9C9B21F26A19}"
EndProject
Project("{2150E333-8FDC-42A3-9474-1A3956D46DE8}") = "Backend", "Backend", "{AF696A37-5550-4FE3-B515-77F45524988E}"
EndProject
Project("{FAE04EC0-301F-11D3-BF4B-00C04F79EFBC}") = "Reglamentator.Bot", "Bot\Reglamentator.Bot\Reglamentator.Bot.csproj", "{73ED1F07-8BB8-48B9-87A6-5850B17A6E7F}"
EndProject
Project("{2150E333-8FDC-42A3-9474-1A3956D46DE8}") = "Tests", "Tests", "{71EA413B-7897-4AC0-84BF-060284FFC4E8}"
EndProject
Project("{FAE04EC0-301F-11D3-BF4B-00C04F79EFBC}") = "Reglamentator.Test.Bot", "Tests\Reglamentator.Test.Bot\Reglamentator.Test.Bot.csproj", "{3165BC83-20EC-4ACF-BD96-BDA0447CB02D}"
EndProject
Project("{FAE04EC0-301F-11D3-BF4B-00C04F79EFBC}") = "Reglamentator.Test.Backend", "Tests\Reglamentator.Test.Backend\Reglamentator.Test.Backend.csproj", "{2C732C72-AD4C-4E24-BFF3-04EC20CB3D0F}"
EndProject
Global
	GlobalSection(SolutionConfigurationPlatforms) = preSolution
		Debug|Any CPU = Debug|Any CPU
		Release|Any CPU = Release|Any CPU
	EndGlobalSection
	GlobalSection(SolutionProperties) = preSolution
		HideSolutionNode = FALSE
	EndGlobalSection
	GlobalSection(ProjectConfigurationPlatforms) = postSolution
		{773AB9F2-2B65-4F96-886D-E33990C271C8}.Debug|Any CPU.ActiveCfg = Debug|Any CPU
		{773AB9F2-2B65-4F96-886D-E33990C271C8}.Debug|Any CPU.Build.0 = Debug|Any CPU
		{773AB9F2-2B65-4F96-886D-E33990C271C8}.Release|Any CPU.ActiveCfg = Release|Any CPU
		{773AB9F2-2B65-4F96-886D-E33990C271C8}.Release|Any CPU.Build.0 = Release|Any CPU
		{49A1C3BD-D95D-404D-A857-838747E8C940}.Debug|Any CPU.ActiveCfg = Debug|Any CPU
		{49A1C3BD-D95D-404D-A857-838747E8C940}.Debug|Any CPU.Build.0 = Debug|Any CPU
		{49A1C3BD-D95D-404D-A857-838747E8C940}.Release|Any CPU.ActiveCfg = Release|Any CPU
		{49A1C3BD-D95D-404D-A857-838747E8C940}.Release|Any CPU.Build.0 = Release|Any CPU
		{897B433C-921B-48EC-9095-D579C7BD5F09}.Debug|Any CPU.ActiveCfg = Debug|Any CPU
		{897B433C-921B-48EC-9095-D579C7BD5F09}.Debug|Any CPU.Build.0 = Debug|Any CPU
		{897B433C-921B-48EC-9095-D579C7BD5F09}.Release|Any CPU.ActiveCfg = Release|Any CPU
		{897B433C-921B-48EC-9095-D579C7BD5F09}.Release|Any CPU.Build.0 = Release|Any CPU
		{921225F3-3498-4742-A014-0DBBFFFB5A94}.Debug|Any CPU.ActiveCfg = Debug|Any CPU
		{921225F3-3498-4742-A014-0DBBFFFB5A94}.Debug|Any CPU.Build.0 = Debug|Any CPU
		{921225F3-3498-4742-A014-0DBBFFFB5A94}.Release|Any CPU.ActiveCfg = Release|Any CPU
		{921225F3-3498-4742-A014-0DBBFFFB5A94}.Release|Any CPU.Build.0 = Release|Any CPU
		{73ED1F07-8BB8-48B9-87A6-5850B17A6E7F}.Debug|Any CPU.ActiveCfg = Debug|Any CPU
		{73ED1F07-8BB8-48B9-87A6-5850B17A6E7F}.Debug|Any CPU.Build.0 = Debug|Any CPU
		{73ED1F07-8BB8-48B9-87A6-5850B17A6E7F}.Release|Any CPU.ActiveCfg = Release|Any CPU
		{73ED1F07-8BB8-48B9-87A6-5850B17A6E7F}.Release|Any CPU.Build.0 = Release|Any CPU
		{3165BC83-20EC-4ACF-BD96-BDA0447CB02D}.Debug|Any CPU.ActiveCfg = Debug|Any CPU
		{3165BC83-20EC-4ACF-BD96-BDA0447CB02D}.Debug|Any CPU.Build.0 = Debug|Any CPU
		{3165BC83-20EC-4ACF-BD96-BDA0447CB02D}.Release|Any CPU.ActiveCfg = Release|Any CPU
		{3165BC83-20EC-4ACF-BD96-BDA0447CB02D}.Release|Any CPU.Build.0 = Release|Any CPU
		{2C732C72-AD4C-4E24-BFF3-04EC20CB3D0F}.Debug|Any CPU.ActiveCfg = Debug|Any CPU
		{2C732C72-AD4C-4E24-BFF3-04EC20CB3D0F}.Debug|Any CPU.Build.0 = Debug|Any CPU
		{2C732C72-AD4C-4E24-BFF3-04EC20CB3D0F}.Release|Any CPU.ActiveCfg = Release|Any CPU
		{2C732C72-AD4C-4E24-BFF3-04EC20CB3D0F}.Release|Any CPU.Build.0 = Release|Any CPU
	EndGlobalSection
	GlobalSection(NestedProjects) = preSolution
		{49A1C3BD-D95D-404D-A857-838747E8C940} = {AF696A37-5550-4FE3-B515-77F45524988E}
		{897B433C-921B-48EC-9095-D579C7BD5F09} = {AF696A37-5550-4FE3-B515-77F45524988E}
		{921225F3-3498-4742-A014-0DBBFFFB5A94} = {AF696A37-5550-4FE3-B515-77F45524988E}
		{773AB9F2-2B65-4F96-886D-E33990C271C8} = {AF696A37-5550-4FE3-B515-77F45524988E}
		{73ED1F07-8BB8-48B9-87A6-5850B17A6E7F} = {D268D791-4EE8-404F-8E08-9C9B21F26A19}
		{3165BC83-20EC-4ACF-BD96-BDA0447CB02D} = {71EA413B-7897-4AC0-84BF-060284FFC4E8}
		{2C732C72-AD4C-4E24-BFF3-04EC20CB3D0F} = {71EA413B-7897-4AC0-84BF-060284FFC4E8}
	EndGlobalSection
EndGlobal
